// !$*UTF8*$!
{
	archiveVersion = 1;
	classes = {
	};
	objectVersion = 50;
	objects = {

/* Begin PBXBuildFile section */
		DD08B91425DEE59500E4E95A /* Binding-OnChange.swift in Sources */ = {isa = PBXBuildFile; fileRef = DD08B91325DEE59500E4E95A /* Binding-OnChange.swift */; };
		DD08B91825DEF90900E4E95A /* UIKit-Helpers.swift in Sources */ = {isa = PBXBuildFile; fileRef = DD08B91725DEF90900E4E95A /* UIKit-Helpers.swift */; };
		DD0F7A6925DDABF50038D6DD /* MyGuitarsApp.swift in Sources */ = {isa = PBXBuildFile; fileRef = DD0F7A6825DDABF50038D6DD /* MyGuitarsApp.swift */; };
		DD0F7A6B25DDABF50038D6DD /* ContentView.swift in Sources */ = {isa = PBXBuildFile; fileRef = DD0F7A6A25DDABF50038D6DD /* ContentView.swift */; };
		DD0F7A6D25DDABF60038D6DD /* Assets.xcassets in Resources */ = {isa = PBXBuildFile; fileRef = DD0F7A6C25DDABF60038D6DD /* Assets.xcassets */; };
		DD0F7A7025DDABF60038D6DD /* Preview Assets.xcassets in Resources */ = {isa = PBXBuildFile; fileRef = DD0F7A6F25DDABF60038D6DD /* Preview Assets.xcassets */; };
		DD0F7A7A25DDAC400038D6DD /* Main.xcdatamodeld in Sources */ = {isa = PBXBuildFile; fileRef = DD0F7A7825DDAC400038D6DD /* Main.xcdatamodeld */; };
		DD0F7A7D25DDAC560038D6DD /* DataController.swift in Sources */ = {isa = PBXBuildFile; fileRef = DD0F7A7C25DDAC560038D6DD /* DataController.swift */; };
		DD0F7A8425DDACB00038D6DD /* CloudKit.framework in Frameworks */ = {isa = PBXBuildFile; fileRef = DD0F7A8325DDACB00038D6DD /* CloudKit.framework */; };
		DD2A111F25F947710008A081 /* InstrumentsViewModel.swift in Sources */ = {isa = PBXBuildFile; fileRef = DD2A111E25F947710008A081 /* InstrumentsViewModel.swift */; };
		DD4C04B225F9AEE200182156 /* RepairsViewModel.swift in Sources */ = {isa = PBXBuildFile; fileRef = DD4C04B125F9AEE200182156 /* RepairsViewModel.swift */; };
		DD52D6A725E5D0D300138574 /* StringsView.swift in Sources */ = {isa = PBXBuildFile; fileRef = DD52D6A625E5D0D300138574 /* StringsView.swift */; };
		DD52D6AA25E5FA8300138574 /* StringsEditView.swift in Sources */ = {isa = PBXBuildFile; fileRef = DD52D6A925E5FA8300138574 /* StringsEditView.swift */; };
		DD52D6B025E7310400138574 /* UIColor+Extension.swift in Sources */ = {isa = PBXBuildFile; fileRef = DD52D6AF25E7310300138574 /* UIColor+Extension.swift */; };
		DD52D6B625E80EC800138574 /* Colors.xcassets in Resources */ = {isa = PBXBuildFile; fileRef = DD52D6B525E80EC800138574 /* Colors.xcassets */; };
		DD52D6BA25E80F2100138574 /* Bundle-Decodable.swift in Sources */ = {isa = PBXBuildFile; fileRef = DD52D6B925E80F2100138574 /* Bundle-Decodable.swift */; };
		DD54C2A225ED7F4D00393481 /* RatingView.swift in Sources */ = {isa = PBXBuildFile; fileRef = DD54C2A125ED7F4D00393481 /* RatingView.swift */; };
		DD54C2A725ED85D800393481 /* LifeSpanView.swift in Sources */ = {isa = PBXBuildFile; fileRef = DD54C2A625ED85D800393481 /* LifeSpanView.swift */; };
		DD54C2AC25ED8B3600393481 /* Number+Extension.swift in Sources */ = {isa = PBXBuildFile; fileRef = DD54C2AB25ED8B3600393481 /* Number+Extension.swift */; };
		DD54C2AF25ED8DC600393481 /* NumbersOnlyView.swift in Sources */ = {isa = PBXBuildFile; fileRef = DD54C2AE25ED8DC600393481 /* NumbersOnlyView.swift */; };
		DD54C2B525EDB14100393481 /* RepairsEditView.swift in Sources */ = {isa = PBXBuildFile; fileRef = DD54C2B425EDB14100393481 /* RepairsEditView.swift */; };
		DD62666525DDADD1007C3F05 /* HomeView.swift in Sources */ = {isa = PBXBuildFile; fileRef = DD62666425DDADD1007C3F05 /* HomeView.swift */; };
		DD62666825DDAE9B007C3F05 /* InstrumentsView.swift in Sources */ = {isa = PBXBuildFile; fileRef = DD62666725DDAE9B007C3F05 /* InstrumentsView.swift */; };
		DD92098325E06BA20094ED36 /* ImagePicker.swift in Sources */ = {isa = PBXBuildFile; fileRef = DD92098225E06BA20094ED36 /* ImagePicker.swift */; };
		DD92098A25E06C860094ED36 /* ImagesAddNew.swift in Sources */ = {isa = PBXBuildFile; fileRef = DD92098925E06C860094ED36 /* ImagesAddNew.swift */; };
		DD92098D25E06DA70094ED36 /* InstrumentsImagesRow.swift in Sources */ = {isa = PBXBuildFile; fileRef = DD92098C25E06DA70094ED36 /* InstrumentsImagesRow.swift */; };
		DD92099025E06DC80094ED36 /* ImagesShowImageView.swift in Sources */ = {isa = PBXBuildFile; fileRef = DD92098F25E06DC80094ED36 /* ImagesShowImageView.swift */; };
		DD92099325E06DF60094ED36 /* ImagesSample.xcassets in Resources */ = {isa = PBXBuildFile; fileRef = DD92099225E06DF60094ED36 /* ImagesSample.xcassets */; };
		DD9D114125E9D7EB00AD2FAA /* RepairsView.swift in Sources */ = {isa = PBXBuildFile; fileRef = DD9D114025E9D7EB00AD2FAA /* RepairsView.swift */; };
		DDB2618825F968FA0022FBEC /* StringsViewModel.swift in Sources */ = {isa = PBXBuildFile; fileRef = DDB2618725F968FA0022FBEC /* StringsViewModel.swift */; };
		DDB95E2525E4536500935673 /* UIImage+Extension.swift in Sources */ = {isa = PBXBuildFile; fileRef = DDB95E2425E4536500935673 /* UIImage+Extension.swift */; };
		DDE6044825DED565004CD13B /* InstrumentsEditView.swift in Sources */ = {isa = PBXBuildFile; fileRef = DDE6044725DED565004CD13B /* InstrumentsEditView.swift */; };
		DDE6044D25DEDCBE004CD13B /* InstrumentsRow.swift in Sources */ = {isa = PBXBuildFile; fileRef = DDE6044C25DEDCBE004CD13B /* InstrumentsRow.swift */; };
		DDE6045125DEDEB0004CD13B /* Instruments-CoreData.swift in Sources */ = {isa = PBXBuildFile; fileRef = DDE6045025DEDEB0004CD13B /* Instruments-CoreData.swift */; };
		DDFD9C4425ED56DA00B4A446 /* Date+Extension.swift in Sources */ = {isa = PBXBuildFile; fileRef = DDFD9C4325ED56DA00B4A446 /* Date+Extension.swift */; };
		DDFD9C4725ED6E2E00B4A446 /* CardView.swift in Sources */ = {isa = PBXBuildFile; fileRef = DDFD9C4625ED6E2E00B4A446 /* CardView.swift */; };
		DDFD9C4A25ED6E7A00B4A446 /* CardView.xcassets in Resources */ = {isa = PBXBuildFile; fileRef = DDFD9C4925ED6E7A00B4A446 /* CardView.xcassets */; };
		DDFDCA6C25EE8E1000C6805A /* NumberEntryField.swift in Sources */ = {isa = PBXBuildFile; fileRef = DDFDCA6B25EE8E1000C6805A /* NumberEntryField.swift */; };
/* End PBXBuildFile section */

/* Begin PBXFileReference section */
		DD08B91325DEE59500E4E95A /* Binding-OnChange.swift */ = {isa = PBXFileReference; lastKnownFileType = sourcecode.swift; path = "Binding-OnChange.swift"; sourceTree = "<group>"; };
		DD08B91725DEF90900E4E95A /* UIKit-Helpers.swift */ = {isa = PBXFileReference; lastKnownFileType = sourcecode.swift; path = "UIKit-Helpers.swift"; sourceTree = "<group>"; };
		DD0F7A6525DDABF50038D6DD /* MyGuitars.app */ = {isa = PBXFileReference; explicitFileType = wrapper.application; includeInIndex = 0; path = MyGuitars.app; sourceTree = BUILT_PRODUCTS_DIR; };
		DD0F7A6825DDABF50038D6DD /* MyGuitarsApp.swift */ = {isa = PBXFileReference; lastKnownFileType = sourcecode.swift; path = MyGuitarsApp.swift; sourceTree = "<group>"; };
		DD0F7A6A25DDABF50038D6DD /* ContentView.swift */ = {isa = PBXFileReference; lastKnownFileType = sourcecode.swift; path = ContentView.swift; sourceTree = "<group>"; };
		DD0F7A6C25DDABF60038D6DD /* Assets.xcassets */ = {isa = PBXFileReference; lastKnownFileType = folder.assetcatalog; path = Assets.xcassets; sourceTree = "<group>"; };
		DD0F7A6F25DDABF60038D6DD /* Preview Assets.xcassets */ = {isa = PBXFileReference; lastKnownFileType = folder.assetcatalog; path = "Preview Assets.xcassets"; sourceTree = "<group>"; };
		DD0F7A7125DDABF60038D6DD /* Info.plist */ = {isa = PBXFileReference; lastKnownFileType = text.plist.xml; path = Info.plist; sourceTree = "<group>"; };
		DD0F7A7925DDAC400038D6DD /* Main.xcdatamodel */ = {isa = PBXFileReference; lastKnownFileType = wrapper.xcdatamodel; path = Main.xcdatamodel; sourceTree = "<group>"; };
		DD0F7A7C25DDAC560038D6DD /* DataController.swift */ = {isa = PBXFileReference; fileEncoding = 4; lastKnownFileType = sourcecode.swift; path = DataController.swift; sourceTree = "<group>"; };
		DD0F7A8025DDACAD0038D6DD /* MyGuitars.entitlements */ = {isa = PBXFileReference; lastKnownFileType = text.plist.entitlements; path = MyGuitars.entitlements; sourceTree = "<group>"; };
		DD0F7A8325DDACB00038D6DD /* CloudKit.framework */ = {isa = PBXFileReference; lastKnownFileType = wrapper.framework; name = CloudKit.framework; path = System/Library/Frameworks/CloudKit.framework; sourceTree = SDKROOT; };
		DD2A111E25F947710008A081 /* InstrumentsViewModel.swift */ = {isa = PBXFileReference; lastKnownFileType = sourcecode.swift; path = InstrumentsViewModel.swift; sourceTree = "<group>"; };
		DD4C04B125F9AEE200182156 /* RepairsViewModel.swift */ = {isa = PBXFileReference; lastKnownFileType = sourcecode.swift; path = RepairsViewModel.swift; sourceTree = "<group>"; };
		DD52D6A625E5D0D300138574 /* StringsView.swift */ = {isa = PBXFileReference; lastKnownFileType = sourcecode.swift; path = StringsView.swift; sourceTree = "<group>"; };
		DD52D6A925E5FA8300138574 /* StringsEditView.swift */ = {isa = PBXFileReference; lastKnownFileType = sourcecode.swift; path = StringsEditView.swift; sourceTree = "<group>"; };
		DD52D6AF25E7310300138574 /* UIColor+Extension.swift */ = {isa = PBXFileReference; lastKnownFileType = sourcecode.swift; path = "UIColor+Extension.swift"; sourceTree = "<group>"; };
		DD52D6B525E80EC800138574 /* Colors.xcassets */ = {isa = PBXFileReference; lastKnownFileType = folder.assetcatalog; path = Colors.xcassets; sourceTree = "<group>"; };
		DD52D6B925E80F2100138574 /* Bundle-Decodable.swift */ = {isa = PBXFileReference; fileEncoding = 4; lastKnownFileType = sourcecode.swift; path = "Bundle-Decodable.swift"; sourceTree = "<group>"; };
		DD54C2A125ED7F4D00393481 /* RatingView.swift */ = {isa = PBXFileReference; lastKnownFileType = sourcecode.swift; path = RatingView.swift; sourceTree = "<group>"; };
		DD54C2A625ED85D800393481 /* LifeSpanView.swift */ = {isa = PBXFileReference; lastKnownFileType = sourcecode.swift; path = LifeSpanView.swift; sourceTree = "<group>"; };
		DD54C2AB25ED8B3600393481 /* Number+Extension.swift */ = {isa = PBXFileReference; lastKnownFileType = sourcecode.swift; path = "Number+Extension.swift"; sourceTree = "<group>"; };
		DD54C2AE25ED8DC600393481 /* NumbersOnlyView.swift */ = {isa = PBXFileReference; lastKnownFileType = sourcecode.swift; path = NumbersOnlyView.swift; sourceTree = "<group>"; };
		DD54C2B425EDB14100393481 /* RepairsEditView.swift */ = {isa = PBXFileReference; lastKnownFileType = sourcecode.swift; path = RepairsEditView.swift; sourceTree = "<group>"; };
		DD62666425DDADD1007C3F05 /* HomeView.swift */ = {isa = PBXFileReference; lastKnownFileType = sourcecode.swift; path = HomeView.swift; sourceTree = "<group>"; };
		DD62666725DDAE9B007C3F05 /* InstrumentsView.swift */ = {isa = PBXFileReference; lastKnownFileType = sourcecode.swift; path = InstrumentsView.swift; sourceTree = "<group>"; };
		DD92098225E06BA20094ED36 /* ImagePicker.swift */ = {isa = PBXFileReference; lastKnownFileType = sourcecode.swift; path = ImagePicker.swift; sourceTree = "<group>"; };
		DD92098925E06C860094ED36 /* ImagesAddNew.swift */ = {isa = PBXFileReference; lastKnownFileType = sourcecode.swift; path = ImagesAddNew.swift; sourceTree = "<group>"; };
		DD92098C25E06DA70094ED36 /* InstrumentsImagesRow.swift */ = {isa = PBXFileReference; lastKnownFileType = sourcecode.swift; name = InstrumentsImagesRow.swift; path = MyGuitars/Images/InstrumentsImagesRow.swift; sourceTree = SOURCE_ROOT; };
		DD92098F25E06DC80094ED36 /* ImagesShowImageView.swift */ = {isa = PBXFileReference; lastKnownFileType = sourcecode.swift; path = ImagesShowImageView.swift; sourceTree = "<group>"; };
		DD92099225E06DF60094ED36 /* ImagesSample.xcassets */ = {isa = PBXFileReference; lastKnownFileType = folder.assetcatalog; path = ImagesSample.xcassets; sourceTree = "<group>"; };
		DD9D114025E9D7EB00AD2FAA /* RepairsView.swift */ = {isa = PBXFileReference; lastKnownFileType = sourcecode.swift; path = RepairsView.swift; sourceTree = "<group>"; };
		DDB2618725F968FA0022FBEC /* StringsViewModel.swift */ = {isa = PBXFileReference; lastKnownFileType = sourcecode.swift; path = StringsViewModel.swift; sourceTree = "<group>"; };
		DDB95E2425E4536500935673 /* UIImage+Extension.swift */ = {isa = PBXFileReference; lastKnownFileType = sourcecode.swift; path = "UIImage+Extension.swift"; sourceTree = "<group>"; };
		DDE6044725DED565004CD13B /* InstrumentsEditView.swift */ = {isa = PBXFileReference; lastKnownFileType = sourcecode.swift; path = InstrumentsEditView.swift; sourceTree = "<group>"; };
		DDE6044C25DEDCBE004CD13B /* InstrumentsRow.swift */ = {isa = PBXFileReference; lastKnownFileType = sourcecode.swift; path = InstrumentsRow.swift; sourceTree = "<group>"; };
		DDE6045025DEDEB0004CD13B /* Instruments-CoreData.swift */ = {isa = PBXFileReference; lastKnownFileType = sourcecode.swift; path = "Instruments-CoreData.swift"; sourceTree = "<group>"; };
		DDFD9C4325ED56DA00B4A446 /* Date+Extension.swift */ = {isa = PBXFileReference; lastKnownFileType = sourcecode.swift; path = "Date+Extension.swift"; sourceTree = "<group>"; };
		DDFD9C4625ED6E2E00B4A446 /* CardView.swift */ = {isa = PBXFileReference; lastKnownFileType = sourcecode.swift; path = CardView.swift; sourceTree = "<group>"; };
		DDFD9C4925ED6E7A00B4A446 /* CardView.xcassets */ = {isa = PBXFileReference; lastKnownFileType = folder.assetcatalog; path = CardView.xcassets; sourceTree = "<group>"; };
		DDFDCA6B25EE8E1000C6805A /* NumberEntryField.swift */ = {isa = PBXFileReference; lastKnownFileType = sourcecode.swift; path = NumberEntryField.swift; sourceTree = "<group>"; };
/* End PBXFileReference section */

/* Begin PBXFrameworksBuildPhase section */
		DD0F7A6225DDABF50038D6DD /* Frameworks */ = {
			isa = PBXFrameworksBuildPhase;
			buildActionMask = 2147483647;
			files = (
				DD0F7A8425DDACB00038D6DD /* CloudKit.framework in Frameworks */,
			);
			runOnlyForDeploymentPostprocessing = 0;
		};
/* End PBXFrameworksBuildPhase section */

/* Begin PBXGroup section */
		DD08B91125DEE47B00E4E95A /* Extensions */ = {
			isa = PBXGroup;
			children = (
				DD52D6B925E80F2100138574 /* Bundle-Decodable.swift */,
				DD08B91325DEE59500E4E95A /* Binding-OnChange.swift */,
				DD08B91725DEF90900E4E95A /* UIKit-Helpers.swift */,
				DDB95E2425E4536500935673 /* UIImage+Extension.swift */,
				DD52D6AF25E7310300138574 /* UIColor+Extension.swift */,
				DDFD9C4325ED56DA00B4A446 /* Date+Extension.swift */,
				DD54C2AB25ED8B3600393481 /* Number+Extension.swift */,
			);
			path = Extensions;
			sourceTree = "<group>";
		};
		DD0F7A5C25DDABF50038D6DD = {
			isa = PBXGroup;
			children = (
				DD0F7A6725DDABF50038D6DD /* MyGuitars */,
				DD0F7A6625DDABF50038D6DD /* Products */,
				DD0F7A8225DDACB00038D6DD /* Frameworks */,
			);
			sourceTree = "<group>";
		};
		DD0F7A6625DDABF50038D6DD /* Products */ = {
			isa = PBXGroup;
			children = (
				DD0F7A6525DDABF50038D6DD /* MyGuitars.app */,
			);
			name = Products;
			sourceTree = "<group>";
		};
		DD0F7A6725DDABF50038D6DD /* MyGuitars */ = {
			isa = PBXGroup;
			children = (
				DD0F7A8025DDACAD0038D6DD /* MyGuitars.entitlements */,
				DD0F7A6825DDABF50038D6DD /* MyGuitarsApp.swift */,
				DD0F7A6A25DDABF50038D6DD /* ContentView.swift */,
				DD54C2B725EDB19B00393481 /* HomeView */,
				DD08B91125DEE47B00E4E95A /* Extensions */,
				DDE6044B25DEDC7F004CD13B /* Instruments */,
				DD92098125E06A750094ED36 /* Images */,
				DD52D6A525E5D0AD00138574 /* Strings */,
				DD9D113F25E9D7D100AD2FAA /* Repairs */,
				DD54C2A525ED84D100393481 /* Generic Views */,
				DD0F7A6C25DDABF60038D6DD /* Assets.xcassets */,
				DD52D6B525E80EC800138574 /* Colors.xcassets */,
				DD0F7A7125DDABF60038D6DD /* Info.plist */,
				DD0F7A6E25DDABF60038D6DD /* Preview Content */,
				DDE6044F25DEDE9B004CD13B /* CoreData */,
			);
			path = MyGuitars;
			sourceTree = "<group>";
		};
		DD0F7A6E25DDABF60038D6DD /* Preview Content */ = {
			isa = PBXGroup;
			children = (
				DD0F7A6F25DDABF60038D6DD /* Preview Assets.xcassets */,
			);
			path = "Preview Content";
			sourceTree = "<group>";
		};
		DD0F7A8225DDACB00038D6DD /* Frameworks */ = {
			isa = PBXGroup;
			children = (
				DD0F7A8325DDACB00038D6DD /* CloudKit.framework */,
			);
			name = Frameworks;
			sourceTree = "<group>";
		};
		DD52D6A525E5D0AD00138574 /* Strings */ = {
			isa = PBXGroup;
			children = (
				DD52D6A625E5D0D300138574 /* StringsView.swift */,
				DD52D6A925E5FA8300138574 /* StringsEditView.swift */,
				DDB2618725F968FA0022FBEC /* StringsViewModel.swift */,
			);
			path = Strings;
			sourceTree = "<group>";
		};
		DD54C2A525ED84D100393481 /* Generic Views */ = {
			isa = PBXGroup;
			children = (
				DD54C2A125ED7F4D00393481 /* RatingView.swift */,
				DD54C2A625ED85D800393481 /* LifeSpanView.swift */,
				DD54C2AE25ED8DC600393481 /* NumbersOnlyView.swift */,
				DDFDCA6B25EE8E1000C6805A /* NumberEntryField.swift */,
			);
			path = "Generic Views";
			sourceTree = "<group>";
		};
		DD54C2B725EDB19B00393481 /* HomeView */ = {
			isa = PBXGroup;
			children = (
				DD62666425DDADD1007C3F05 /* HomeView.swift */,
				DDFD9C4625ED6E2E00B4A446 /* CardView.swift */,
				DDFD9C4925ED6E7A00B4A446 /* CardView.xcassets */,
			);
			path = HomeView;
			sourceTree = "<group>";
		};
		DD92098125E06A750094ED36 /* Images */ = {
			isa = PBXGroup;
			children = (
				DD92098225E06BA20094ED36 /* ImagePicker.swift */,
				DD92098925E06C860094ED36 /* ImagesAddNew.swift */,
				DD92098F25E06DC80094ED36 /* ImagesShowImageView.swift */,
				DD92099225E06DF60094ED36 /* ImagesSample.xcassets */,
			);
			path = Images;
			sourceTree = "<group>";
		};
		DD9D113F25E9D7D100AD2FAA /* Repairs */ = {
			isa = PBXGroup;
			children = (
				DD9D114025E9D7EB00AD2FAA /* RepairsView.swift */,
				DD54C2B425EDB14100393481 /* RepairsEditView.swift */,
				DD4C04B125F9AEE200182156 /* RepairsViewModel.swift */,
			);
			path = Repairs;
			sourceTree = "<group>";
		};
		DDE6044B25DEDC7F004CD13B /* Instruments */ = {
			isa = PBXGroup;
			children = (
				DD62666725DDAE9B007C3F05 /* InstrumentsView.swift */,
				DDE6044725DED565004CD13B /* InstrumentsEditView.swift */,
				DDE6044C25DEDCBE004CD13B /* InstrumentsRow.swift */,
				DD92098C25E06DA70094ED36 /* InstrumentsImagesRow.swift */,
				DD2A111E25F947710008A081 /* InstrumentsViewModel.swift */,
			);
			path = Instruments;
			sourceTree = "<group>";
		};
		DDE6044F25DEDE9B004CD13B /* CoreData */ = {
			isa = PBXGroup;
			children = (
				DD0F7A7825DDAC400038D6DD /* Main.xcdatamodeld */,
				DD0F7A7C25DDAC560038D6DD /* DataController.swift */,
				DDE6045025DEDEB0004CD13B /* Instruments-CoreData.swift */,
			);
			path = CoreData;
			sourceTree = "<group>";
		};
/* End PBXGroup section */

/* Begin PBXNativeTarget section */
		DD0F7A6425DDABF50038D6DD /* MyGuitars */ = {
			isa = PBXNativeTarget;
			buildConfigurationList = DD0F7A7425DDABF60038D6DD /* Build configuration list for PBXNativeTarget "MyGuitars" */;
			buildPhases = (
				DD0F7A6125DDABF50038D6DD /* Sources */,
				DD0F7A6225DDABF50038D6DD /* Frameworks */,
				DD0F7A6325DDABF50038D6DD /* Resources */,
			);
			buildRules = (
			);
			dependencies = (
			);
			name = MyGuitars;
			productName = MyGuitars;
			productReference = DD0F7A6525DDABF50038D6DD /* MyGuitars.app */;
			productType = "com.apple.product-type.application";
		};
/* End PBXNativeTarget section */

/* Begin PBXProject section */
		DD0F7A5D25DDABF50038D6DD /* Project object */ = {
			isa = PBXProject;
			attributes = {
				LastSwiftUpdateCheck = 1240;
				LastUpgradeCheck = 1240;
				TargetAttributes = {
					DD0F7A6425DDABF50038D6DD = {
						CreatedOnToolsVersion = 12.4;
					};
				};
			};
			buildConfigurationList = DD0F7A6025DDABF50038D6DD /* Build configuration list for PBXProject "MyGuitars" */;
			compatibilityVersion = "Xcode 9.3";
			developmentRegion = en;
			hasScannedForEncodings = 0;
			knownRegions = (
				en,
				Base,
			);
			mainGroup = DD0F7A5C25DDABF50038D6DD;
			productRefGroup = DD0F7A6625DDABF50038D6DD /* Products */;
			projectDirPath = "";
			projectRoot = "";
			targets = (
				DD0F7A6425DDABF50038D6DD /* MyGuitars */,
			);
		};
/* End PBXProject section */

/* Begin PBXResourcesBuildPhase section */
		DD0F7A6325DDABF50038D6DD /* Resources */ = {
			isa = PBXResourcesBuildPhase;
			buildActionMask = 2147483647;
			files = (
				DD0F7A7025DDABF60038D6DD /* Preview Assets.xcassets in Resources */,
				DD52D6B625E80EC800138574 /* Colors.xcassets in Resources */,
				DD92099325E06DF60094ED36 /* ImagesSample.xcassets in Resources */,
				DD0F7A6D25DDABF60038D6DD /* Assets.xcassets in Resources */,
				DDFD9C4A25ED6E7A00B4A446 /* CardView.xcassets in Resources */,
			);
			runOnlyForDeploymentPostprocessing = 0;
		};
/* End PBXResourcesBuildPhase section */

/* Begin PBXSourcesBuildPhase section */
		DD0F7A6125DDABF50038D6DD /* Sources */ = {
			isa = PBXSourcesBuildPhase;
			buildActionMask = 2147483647;
			files = (
				DD08B91425DEE59500E4E95A /* Binding-OnChange.swift in Sources */,
				DD0F7A7A25DDAC400038D6DD /* Main.xcdatamodeld in Sources */,
				DD62666825DDAE9B007C3F05 /* InstrumentsView.swift in Sources */,
				DD08B91825DEF90900E4E95A /* UIKit-Helpers.swift in Sources */,
				DDFDCA6C25EE8E1000C6805A /* NumberEntryField.swift in Sources */,
				DDB2618825F968FA0022FBEC /* StringsViewModel.swift in Sources */,
				DD54C2B525EDB14100393481 /* RepairsEditView.swift in Sources */,
				DD52D6A725E5D0D300138574 /* StringsView.swift in Sources */,
				DD52D6BA25E80F2100138574 /* Bundle-Decodable.swift in Sources */,
				DD0F7A7D25DDAC560038D6DD /* DataController.swift in Sources */,
				DD92099025E06DC80094ED36 /* ImagesShowImageView.swift in Sources */,
				DD54C2A225ED7F4D00393481 /* RatingView.swift in Sources */,
				DD54C2AF25ED8DC600393481 /* NumbersOnlyView.swift in Sources */,
				DDE6044D25DEDCBE004CD13B /* InstrumentsRow.swift in Sources */,
				DD0F7A6B25DDABF50038D6DD /* ContentView.swift in Sources */,
				DD52D6AA25E5FA8300138574 /* StringsEditView.swift in Sources */,
				DD62666525DDADD1007C3F05 /* HomeView.swift in Sources */,
				DDFD9C4425ED56DA00B4A446 /* Date+Extension.swift in Sources */,
				DD54C2AC25ED8B3600393481 /* Number+Extension.swift in Sources */,
				DD4C04B225F9AEE200182156 /* RepairsViewModel.swift in Sources */,
				DDE6044825DED565004CD13B /* InstrumentsEditView.swift in Sources */,
				DD92098D25E06DA70094ED36 /* InstrumentsImagesRow.swift in Sources */,
				DDB95E2525E4536500935673 /* UIImage+Extension.swift in Sources */,
				DD2A111F25F947710008A081 /* InstrumentsViewModel.swift in Sources */,
				DD9D114125E9D7EB00AD2FAA /* RepairsView.swift in Sources */,
				DD92098325E06BA20094ED36 /* ImagePicker.swift in Sources */,
				DD0F7A6925DDABF50038D6DD /* MyGuitarsApp.swift in Sources */,
				DD92098A25E06C860094ED36 /* ImagesAddNew.swift in Sources */,
				DD54C2A725ED85D800393481 /* LifeSpanView.swift in Sources */,
				DDE6045125DEDEB0004CD13B /* Instruments-CoreData.swift in Sources */,
				DDFD9C4725ED6E2E00B4A446 /* CardView.swift in Sources */,
				DD52D6B025E7310400138574 /* UIColor+Extension.swift in Sources */,
			);
			runOnlyForDeploymentPostprocessing = 0;
		};
/* End PBXSourcesBuildPhase section */

/* Begin XCBuildConfiguration section */
		DD0F7A7225DDABF60038D6DD /* Debug */ = {
			isa = XCBuildConfiguration;
			buildSettings = {
				ALWAYS_SEARCH_USER_PATHS = NO;
				CLANG_ANALYZER_NONNULL = YES;
				CLANG_ANALYZER_NUMBER_OBJECT_CONVERSION = YES_AGGRESSIVE;
				CLANG_CXX_LANGUAGE_STANDARD = "gnu++14";
				CLANG_CXX_LIBRARY = "libc++";
				CLANG_ENABLE_MODULES = YES;
				CLANG_ENABLE_OBJC_ARC = YES;
				CLANG_ENABLE_OBJC_WEAK = YES;
				CLANG_WARN_BLOCK_CAPTURE_AUTORELEASING = YES;
				CLANG_WARN_BOOL_CONVERSION = YES;
				CLANG_WARN_COMMA = YES;
				CLANG_WARN_CONSTANT_CONVERSION = YES;
				CLANG_WARN_DEPRECATED_OBJC_IMPLEMENTATIONS = YES;
				CLANG_WARN_DIRECT_OBJC_ISA_USAGE = YES_ERROR;
				CLANG_WARN_DOCUMENTATION_COMMENTS = YES;
				CLANG_WARN_EMPTY_BODY = YES;
				CLANG_WARN_ENUM_CONVERSION = YES;
				CLANG_WARN_INFINITE_RECURSION = YES;
				CLANG_WARN_INT_CONVERSION = YES;
				CLANG_WARN_NON_LITERAL_NULL_CONVERSION = YES;
				CLANG_WARN_OBJC_IMPLICIT_RETAIN_SELF = YES;
				CLANG_WARN_OBJC_LITERAL_CONVERSION = YES;
				CLANG_WARN_OBJC_ROOT_CLASS = YES_ERROR;
				CLANG_WARN_QUOTED_INCLUDE_IN_FRAMEWORK_HEADER = YES;
				CLANG_WARN_RANGE_LOOP_ANALYSIS = YES;
				CLANG_WARN_STRICT_PROTOTYPES = YES;
				CLANG_WARN_SUSPICIOUS_MOVE = YES;
				CLANG_WARN_UNGUARDED_AVAILABILITY = YES_AGGRESSIVE;
				CLANG_WARN_UNREACHABLE_CODE = YES;
				CLANG_WARN__DUPLICATE_METHOD_MATCH = YES;
				COPY_PHASE_STRIP = NO;
				DEBUG_INFORMATION_FORMAT = dwarf;
				ENABLE_STRICT_OBJC_MSGSEND = YES;
				ENABLE_TESTABILITY = YES;
				GCC_C_LANGUAGE_STANDARD = gnu11;
				GCC_DYNAMIC_NO_PIC = NO;
				GCC_NO_COMMON_BLOCKS = YES;
				GCC_OPTIMIZATION_LEVEL = 0;
				GCC_PREPROCESSOR_DEFINITIONS = (
					"DEBUG=1",
					"$(inherited)",
				);
				GCC_WARN_64_TO_32_BIT_CONVERSION = YES;
				GCC_WARN_ABOUT_RETURN_TYPE = YES_ERROR;
				GCC_WARN_UNDECLARED_SELECTOR = YES;
				GCC_WARN_UNINITIALIZED_AUTOS = YES_AGGRESSIVE;
				GCC_WARN_UNUSED_FUNCTION = YES;
				GCC_WARN_UNUSED_VARIABLE = YES;
				IPHONEOS_DEPLOYMENT_TARGET = 13.0;
				MTL_ENABLE_DEBUG_INFO = INCLUDE_SOURCE;
				MTL_FAST_MATH = YES;
				ONLY_ACTIVE_ARCH = YES;
				SDKROOT = iphoneos;
				SWIFT_ACTIVE_COMPILATION_CONDITIONS = DEBUG;
				SWIFT_OPTIMIZATION_LEVEL = "-Onone";
			};
			name = Debug;
		};
		DD0F7A7325DDABF60038D6DD /* Release */ = {
			isa = XCBuildConfiguration;
			buildSettings = {
				ALWAYS_SEARCH_USER_PATHS = NO;
				CLANG_ANALYZER_NONNULL = YES;
				CLANG_ANALYZER_NUMBER_OBJECT_CONVERSION = YES_AGGRESSIVE;
				CLANG_CXX_LANGUAGE_STANDARD = "gnu++14";
				CLANG_CXX_LIBRARY = "libc++";
				CLANG_ENABLE_MODULES = YES;
				CLANG_ENABLE_OBJC_ARC = YES;
				CLANG_ENABLE_OBJC_WEAK = YES;
				CLANG_WARN_BLOCK_CAPTURE_AUTORELEASING = YES;
				CLANG_WARN_BOOL_CONVERSION = YES;
				CLANG_WARN_COMMA = YES;
				CLANG_WARN_CONSTANT_CONVERSION = YES;
				CLANG_WARN_DEPRECATED_OBJC_IMPLEMENTATIONS = YES;
				CLANG_WARN_DIRECT_OBJC_ISA_USAGE = YES_ERROR;
				CLANG_WARN_DOCUMENTATION_COMMENTS = YES;
				CLANG_WARN_EMPTY_BODY = YES;
				CLANG_WARN_ENUM_CONVERSION = YES;
				CLANG_WARN_INFINITE_RECURSION = YES;
				CLANG_WARN_INT_CONVERSION = YES;
				CLANG_WARN_NON_LITERAL_NULL_CONVERSION = YES;
				CLANG_WARN_OBJC_IMPLICIT_RETAIN_SELF = YES;
				CLANG_WARN_OBJC_LITERAL_CONVERSION = YES;
				CLANG_WARN_OBJC_ROOT_CLASS = YES_ERROR;
				CLANG_WARN_QUOTED_INCLUDE_IN_FRAMEWORK_HEADER = YES;
				CLANG_WARN_RANGE_LOOP_ANALYSIS = YES;
				CLANG_WARN_STRICT_PROTOTYPES = YES;
				CLANG_WARN_SUSPICIOUS_MOVE = YES;
				CLANG_WARN_UNGUARDED_AVAILABILITY = YES_AGGRESSIVE;
				CLANG_WARN_UNREACHABLE_CODE = YES;
				CLANG_WARN__DUPLICATE_METHOD_MATCH = YES;
				COPY_PHASE_STRIP = NO;
				DEBUG_INFORMATION_FORMAT = "dwarf-with-dsym";
				ENABLE_NS_ASSERTIONS = NO;
				ENABLE_STRICT_OBJC_MSGSEND = YES;
				GCC_C_LANGUAGE_STANDARD = gnu11;
				GCC_NO_COMMON_BLOCKS = YES;
				GCC_WARN_64_TO_32_BIT_CONVERSION = YES;
				GCC_WARN_ABOUT_RETURN_TYPE = YES_ERROR;
				GCC_WARN_UNDECLARED_SELECTOR = YES;
				GCC_WARN_UNINITIALIZED_AUTOS = YES_AGGRESSIVE;
				GCC_WARN_UNUSED_FUNCTION = YES;
				GCC_WARN_UNUSED_VARIABLE = YES;
				IPHONEOS_DEPLOYMENT_TARGET = 13.0;
				MTL_ENABLE_DEBUG_INFO = NO;
				MTL_FAST_MATH = YES;
				SDKROOT = iphoneos;
				SWIFT_COMPILATION_MODE = wholemodule;
				SWIFT_OPTIMIZATION_LEVEL = "-O";
				VALIDATE_PRODUCT = YES;
			};
			name = Release;
		};
		DD0F7A7525DDABF60038D6DD /* Debug */ = {
			isa = XCBuildConfiguration;
			buildSettings = {
				ASSETCATALOG_COMPILER_APPICON_NAME = AppIcon;
				ASSETCATALOG_COMPILER_GLOBAL_ACCENT_COLOR_NAME = AccentColor;
				CODE_SIGN_ENTITLEMENTS = MyGuitars/MyGuitars.entitlements;
				CODE_SIGN_STYLE = Automatic;
				CURRENT_PROJECT_VERSION = 3;
				DEVELOPMENT_ASSET_PATHS = "\"MyGuitars/Preview Content\"";
				DEVELOPMENT_TEAM = QFLL3M3T6A;
				ENABLE_PREVIEWS = YES;
				INFOPLIST_FILE = MyGuitars/Info.plist;
				IPHONEOS_DEPLOYMENT_TARGET = 14.0;
				LD_RUNPATH_SEARCH_PATHS = (
					"$(inherited)",
					"@executable_path/Frameworks",
				);
				MARKETING_VERSION = 1.0;
				PRODUCT_BUNDLE_IDENTIFIER = COM.LIM4.MyGuitars;
				PRODUCT_NAME = "$(TARGET_NAME)";
				SWIFT_VERSION = 5.0;
				TARGETED_DEVICE_FAMILY = "1,2";
			};
			name = Debug;
		};
		DD0F7A7625DDABF60038D6DD /* Release */ = {
			isa = XCBuildConfiguration;
			buildSettings = {
				ASSETCATALOG_COMPILER_APPICON_NAME = AppIcon;
				ASSETCATALOG_COMPILER_GLOBAL_ACCENT_COLOR_NAME = AccentColor;
				CODE_SIGN_ENTITLEMENTS = MyGuitars/MyGuitars.entitlements;
				CODE_SIGN_STYLE = Automatic;
				CURRENT_PROJECT_VERSION = 3;
				DEVELOPMENT_ASSET_PATHS = "\"MyGuitars/Preview Content\"";
				DEVELOPMENT_TEAM = QFLL3M3T6A;
				ENABLE_PREVIEWS = YES;
				INFOPLIST_FILE = MyGuitars/Info.plist;
				IPHONEOS_DEPLOYMENT_TARGET = 14.0;
				LD_RUNPATH_SEARCH_PATHS = (
					"$(inherited)",
					"@executable_path/Frameworks",
				);
				MARKETING_VERSION = 1.0;
				PRODUCT_BUNDLE_IDENTIFIER = COM.LIM4.MyGuitars;
				PRODUCT_NAME = "$(TARGET_NAME)";
				SWIFT_VERSION = 5.0;
				TARGETED_DEVICE_FAMILY = "1,2";
			};
			name = Release;
		};
/* End XCBuildConfiguration section */

/* Begin XCConfigurationList section */
		DD0F7A6025DDABF50038D6DD /* Build configuration list for PBXProject "MyGuitars" */ = {
			isa = XCConfigurationList;
			buildConfigurations = (
				DD0F7A7225DDABF60038D6DD /* Debug */,
				DD0F7A7325DDABF60038D6DD /* Release */,
			);
			defaultConfigurationIsVisible = 0;
			defaultConfigurationName = Release;
		};
		DD0F7A7425DDABF60038D6DD /* Build configuration list for PBXNativeTarget "MyGuitars" */ = {
			isa = XCConfigurationList;
			buildConfigurations = (
				DD0F7A7525DDABF60038D6DD /* Debug */,
				DD0F7A7625DDABF60038D6DD /* Release */,
			);
			defaultConfigurationIsVisible = 0;
			defaultConfigurationName = Release;
		};
/* End XCConfigurationList section */

/* Begin XCVersionGroup section */
		DD0F7A7825DDAC400038D6DD /* Main.xcdatamodeld */ = {
			isa = XCVersionGroup;
			children = (
				DD0F7A7925DDAC400038D6DD /* Main.xcdatamodel */,
			);
			currentVersion = DD0F7A7925DDAC400038D6DD /* Main.xcdatamodel */;
			path = Main.xcdatamodeld;
			sourceTree = "<group>";
			versionGroupType = wrapper.xcdatamodel;
		};
/* End XCVersionGroup section */
	};
	rootObject = DD0F7A5D25DDABF50038D6DD /* Project object */;
}
